// !$*UTF8*$!
{
	archiveVersion = 1;
	classes = {
	};
	objectVersion = 55;
	objects = {

/* Begin PBXBuildFile section */
		AA1D782A2894C7D100F39AA6 /* JoinRoomView.swift in Sources */ = {isa = PBXBuildFile; fileRef = AA1D78292894C7D100F39AA6 /* JoinRoomView.swift */; };
		AA1D782E2894DC3700F39AA6 /* JoinedRoomView.swift in Sources */ = {isa = PBXBuildFile; fileRef = AA1D782D2894DC3700F39AA6 /* JoinedRoomView.swift */; };
		AA268B0B27851F1F004699DF /* NetworkExtension.framework in Frameworks */ = {isa = PBXBuildFile; fileRef = AA268B0A27851F1F004699DF /* NetworkExtension.framework */; };
		AA3551B4279B24D90022795A /* HeadingText.swift in Sources */ = {isa = PBXBuildFile; fileRef = AA3551B3279B24D90022795A /* HeadingText.swift */; };
		AA3551B6279B2C840022795A /* AppleMusicWarningCard.swift in Sources */ = {isa = PBXBuildFile; fileRef = AA3551B5279B2C840022795A /* AppleMusicWarningCard.swift */; };
		AA3551BD279B2EF30022795A /* AppleMusicPermissionsAlertCard.swift in Sources */ = {isa = PBXBuildFile; fileRef = AA3551BC279B2EF30022795A /* AppleMusicPermissionsAlertCard.swift */; };
		AA3551BF279B30420022795A /* AppleMusicOKCard.swift in Sources */ = {isa = PBXBuildFile; fileRef = AA3551BE279B30420022795A /* AppleMusicOKCard.swift */; };
		AA3A9911289B39E7007DB861 /* RoomInfoView.swift in Sources */ = {isa = PBXBuildFile; fileRef = AA3A9910289B39E7007DB861 /* RoomInfoView.swift */; };
		AA3A9913289B3EC7007DB861 /* LimitExpirationAction.swift in Sources */ = {isa = PBXBuildFile; fileRef = AA3A9912289B3EC7007DB861 /* LimitExpirationAction.swift */; };
		AA3A9915289B5692007DB861 /* DateServices.swift in Sources */ = {isa = PBXBuildFile; fileRef = AA3A9914289B5692007DB861 /* DateServices.swift */; };
		AA3A9917289B5CC1007DB861 /* LimitSetterView.swift in Sources */ = {isa = PBXBuildFile; fileRef = AA3A9916289B5CC1007DB861 /* LimitSetterView.swift */; };
		AA43F0912782B22C00C9AE08 /* SettingsView.swift in Sources */ = {isa = PBXBuildFile; fileRef = AA43F0902782B22C00C9AE08 /* SettingsView.swift */; };
		AA4B9B3F28A0B00400A3494E /* PlayType.swift in Sources */ = {isa = PBXBuildFile; fileRef = AA4B9B3E28A0B00400A3494E /* PlayType.swift */; };
		AA4B9B4128A0B04A00A3494E /* SongRowView.swift in Sources */ = {isa = PBXBuildFile; fileRef = AA4B9B4028A0B04A00A3494E /* SongRowView.swift */; };
		AA4B9B4328A0B07500A3494E /* CloudKitSharingView.swift in Sources */ = {isa = PBXBuildFile; fileRef = AA4B9B4228A0B07500A3494E /* CloudKitSharingView.swift */; };
		AA5C4C372782A4DC00F34E2B /* PermissionsOKCard.swift in Sources */ = {isa = PBXBuildFile; fileRef = AA5C4C362782A4DC00F34E2B /* PermissionsOKCard.swift */; };
		AA6CFC4F289AD70500E8C8E4 /* InitialsImageView.swift in Sources */ = {isa = PBXBuildFile; fileRef = AA6CFC4E289AD70500E8C8E4 /* InitialsImageView.swift */; };
		AA70BA452797330B0033D376 /* SearchBar.swift in Sources */ = {isa = PBXBuildFile; fileRef = AA70BA442797330B0033D376 /* SearchBar.swift */; };
		AA70E9A9289CDD3D0033C06D /* NotificationStatusCard.swift in Sources */ = {isa = PBXBuildFile; fileRef = AA70E9A8289CDD3D0033C06D /* NotificationStatusCard.swift */; };
		AA70E9AB289CE1B10033C06D /* SendMailView.swift in Sources */ = {isa = PBXBuildFile; fileRef = AA70E9AA289CE1B10033C06D /* SendMailView.swift */; };
		AA85E2A427829ED9009F24ED /* MultiqueueApp.swift in Sources */ = {isa = PBXBuildFile; fileRef = AA85E2A327829ED9009F24ED /* MultiqueueApp.swift */; };
		AA85E2A827829EDA009F24ED /* Assets.xcassets in Resources */ = {isa = PBXBuildFile; fileRef = AA85E2A727829EDA009F24ED /* Assets.xcassets */; };
		AA85E2AB27829EDA009F24ED /* Preview Assets.xcassets in Resources */ = {isa = PBXBuildFile; fileRef = AA85E2AA27829EDA009F24ED /* Preview Assets.xcassets */; };
		AA85E2AD27829EDA009F24ED /* Persistence.swift in Sources */ = {isa = PBXBuildFile; fileRef = AA85E2AC27829EDA009F24ED /* Persistence.swift */; };
		AA85E2B027829EDA009F24ED /* Multiqueue.xcdatamodeld in Sources */ = {isa = PBXBuildFile; fileRef = AA85E2AE27829EDA009F24ED /* Multiqueue.xcdatamodeld */; };
		AA85E2BA27829EDA009F24ED /* MultiqueueTests.swift in Sources */ = {isa = PBXBuildFile; fileRef = AA85E2B927829EDA009F24ED /* MultiqueueTests.swift */; };
		AA85E2C427829EDA009F24ED /* MultiqueueUITests.swift in Sources */ = {isa = PBXBuildFile; fileRef = AA85E2C327829EDA009F24ED /* MultiqueueUITests.swift */; };
		AA85E2C627829EDA009F24ED /* MultiqueueUITestsLaunchTests.swift in Sources */ = {isa = PBXBuildFile; fileRef = AA85E2C527829EDA009F24ED /* MultiqueueUITestsLaunchTests.swift */; };
		AA85E2D327829F29009F24ED /* MainMenu.swift in Sources */ = {isa = PBXBuildFile; fileRef = AA85E2D227829F29009F24ED /* MainMenu.swift */; };
		AA85E2D627829F60009F24ED /* MainMenuNavigationButtons.swift in Sources */ = {isa = PBXBuildFile; fileRef = AA85E2D527829F60009F24ED /* MainMenuNavigationButtons.swift */; };
		AA85E2D927829FAD009F24ED /* NetworkPermissionsAlertCard.swift in Sources */ = {isa = PBXBuildFile; fileRef = AA85E2D827829FAD009F24ED /* NetworkPermissionsAlertCard.swift */; };
		AA85E2DB27829FF3009F24ED /* RectangleWrapper.swift in Sources */ = {isa = PBXBuildFile; fileRef = AA85E2DA27829FF3009F24ED /* RectangleWrapper.swift */; };
		AA90A9F22896FB2D0052E3DC /* CloudKitMusicAdder.swift in Sources */ = {isa = PBXBuildFile; fileRef = AA90A9EC2896FB2D0052E3DC /* CloudKitMusicAdder.swift */; };
		AA90A9F32896FB2D0052E3DC /* CloudKitLibraryAdder.swift in Sources */ = {isa = PBXBuildFile; fileRef = AA90A9EE2896FB2D0052E3DC /* CloudKitLibraryAdder.swift */; };
		AA90A9F42896FB2D0052E3DC /* CloudKitButtonSongRowView.swift in Sources */ = {isa = PBXBuildFile; fileRef = AA90A9EF2896FB2D0052E3DC /* CloudKitButtonSongRowView.swift */; };
		AA90A9F52896FB2D0052E3DC /* CloudKitLinkAdder.swift in Sources */ = {isa = PBXBuildFile; fileRef = AA90A9F02896FB2D0052E3DC /* CloudKitLinkAdder.swift */; };
		AA90A9F62896FB2D0052E3DC /* CloudKitSearchAdder.swift in Sources */ = {isa = PBXBuildFile; fileRef = AA90A9F12896FB2D0052E3DC /* CloudKitSearchAdder.swift */; };
		AA90A9F82896FD140052E3DC /* CloudKitServices.swift in Sources */ = {isa = PBXBuildFile; fileRef = AA90A9F72896FD140052E3DC /* CloudKitServices.swift */; };
		AA90A9FA289712540052E3DC /* CloudKitDatabase.swift in Sources */ = {isa = PBXBuildFile; fileRef = AA90A9F9289712540052E3DC /* CloudKitDatabase.swift */; };
		AA90A9FC289722FE0052E3DC /* QueueSong.swift in Sources */ = {isa = PBXBuildFile; fileRef = AA90A9FB289722FE0052E3DC /* QueueSong.swift */; };
		AA90A9FE289766190052E3DC /* NotificationStatus.swift in Sources */ = {isa = PBXBuildFile; fileRef = AA90A9FD289766190052E3DC /* NotificationStatus.swift */; };
		AA91B8F4289CEB7200B8BE88 /* UserGuideView.swift in Sources */ = {isa = PBXBuildFile; fileRef = AA91B8F3289CEB7200B8BE88 /* UserGuideView.swift */; };
		AA9246212895D28B00E7FCB9 /* MusicServices.swift in Sources */ = {isa = PBXBuildFile; fileRef = AA9246202895D28B00E7FCB9 /* MusicServices.swift */; };
		AA9246232895D4E200E7FCB9 /* Room.swift in Sources */ = {isa = PBXBuildFile; fileRef = AA9246222895D4E200E7FCB9 /* Room.swift */; };
		AA9246252895D52C00E7FCB9 /* NowPlayingSong.swift in Sources */ = {isa = PBXBuildFile; fileRef = AA9246242895D52C00E7FCB9 /* NowPlayingSong.swift */; };
		AA96A5DB289440C50014E000 /* RoomEmojiPickerView.swift in Sources */ = {isa = PBXBuildFile; fileRef = AA96A5DA289440C50014E000 /* RoomEmojiPickerView.swift */; };
		AA96A5DD28944A0B0014E000 /* RoomOptionView.swift in Sources */ = {isa = PBXBuildFile; fileRef = AA96A5DC28944A0B0014E000 /* RoomOptionView.swift */; };
		AA96A5DF28944B5D0014E000 /* RoomDetails.swift in Sources */ = {isa = PBXBuildFile; fileRef = AA96A5DE28944B5D0014E000 /* RoomDetails.swift */; };
		AABB64F42895983700C7A31E /* OperationStatus.swift in Sources */ = {isa = PBXBuildFile; fileRef = AABB64F32895983700C7A31E /* OperationStatus.swift */; };
		AAEB5324289A083C00020E13 /* NotificationServices.swift in Sources */ = {isa = PBXBuildFile; fileRef = AAEB5323289A083C00020E13 /* NotificationServices.swift */; };
		AAF236BE288E272800BF4E01 /* CloudKit.framework in Frameworks */ = {isa = PBXBuildFile; fileRef = AAF236BD288E272800BF4E01 /* CloudKit.framework */; };
		AAF236C0288E2BDD00BF4E01 /* MyRoomsView.swift in Sources */ = {isa = PBXBuildFile; fileRef = AAF236BF288E2BDD00BF4E01 /* MyRoomsView.swift */; };
		AAF236C4288E378000BF4E01 /* CreateRoomView.swift in Sources */ = {isa = PBXBuildFile; fileRef = AAF236C3288E378000BF4E01 /* CreateRoomView.swift */; };
		AAF236C6288E40BC00BF4E01 /* MyRoomsCard.swift in Sources */ = {isa = PBXBuildFile; fileRef = AAF236C5288E40BC00BF4E01 /* MyRoomsCard.swift */; };
		AAF953AF2894673C00DBE562 /* RoomView.swift in Sources */ = {isa = PBXBuildFile; fileRef = AAF953AE2894673C00DBE562 /* RoomView.swift */; };
		AAF953B328949A6E00DBE562 /* JoinRoomCard.swift in Sources */ = {isa = PBXBuildFile; fileRef = AAF953B228949A6E00DBE562 /* JoinRoomCard.swift */; };
/* End PBXBuildFile section */

/* Begin PBXContainerItemProxy section */
		AA85E2B627829EDA009F24ED /* PBXContainerItemProxy */ = {
			isa = PBXContainerItemProxy;
			containerPortal = AA85E29827829ED9009F24ED /* Project object */;
			proxyType = 1;
			remoteGlobalIDString = AA85E29F27829ED9009F24ED;
			remoteInfo = Multiqueue;
		};
		AA85E2C027829EDA009F24ED /* PBXContainerItemProxy */ = {
			isa = PBXContainerItemProxy;
			containerPortal = AA85E29827829ED9009F24ED /* Project object */;
			proxyType = 1;
			remoteGlobalIDString = AA85E29F27829ED9009F24ED;
			remoteInfo = Multiqueue;
		};
/* End PBXContainerItemProxy section */

/* Begin PBXFileReference section */
		AA1D78292894C7D100F39AA6 /* JoinRoomView.swift */ = {isa = PBXFileReference; lastKnownFileType = sourcecode.swift; path = JoinRoomView.swift; sourceTree = "<group>"; };
		AA1D782D2894DC3700F39AA6 /* JoinedRoomView.swift */ = {isa = PBXFileReference; lastKnownFileType = sourcecode.swift; path = JoinedRoomView.swift; sourceTree = "<group>"; };
		AA268B042784DE56004699DF /* Info.plist */ = {isa = PBXFileReference; lastKnownFileType = text.plist; path = Info.plist; sourceTree = "<group>"; };
		AA268B0827851F1F004699DF /* Multiqueue.entitlements */ = {isa = PBXFileReference; lastKnownFileType = text.plist.entitlements; path = Multiqueue.entitlements; sourceTree = "<group>"; };
		AA268B0A27851F1F004699DF /* NetworkExtension.framework */ = {isa = PBXFileReference; lastKnownFileType = wrapper.framework; name = NetworkExtension.framework; path = System/Library/Frameworks/NetworkExtension.framework; sourceTree = SDKROOT; };
		AA3551B3279B24D90022795A /* HeadingText.swift */ = {isa = PBXFileReference; lastKnownFileType = sourcecode.swift; path = HeadingText.swift; sourceTree = "<group>"; };
		AA3551B5279B2C840022795A /* AppleMusicWarningCard.swift */ = {isa = PBXFileReference; lastKnownFileType = sourcecode.swift; path = AppleMusicWarningCard.swift; sourceTree = "<group>"; };
		AA3551BC279B2EF30022795A /* AppleMusicPermissionsAlertCard.swift */ = {isa = PBXFileReference; lastKnownFileType = sourcecode.swift; path = AppleMusicPermissionsAlertCard.swift; sourceTree = "<group>"; };
		AA3551BE279B30420022795A /* AppleMusicOKCard.swift */ = {isa = PBXFileReference; lastKnownFileType = sourcecode.swift; path = AppleMusicOKCard.swift; sourceTree = "<group>"; };
		AA3A9910289B39E7007DB861 /* RoomInfoView.swift */ = {isa = PBXFileReference; lastKnownFileType = sourcecode.swift; path = RoomInfoView.swift; sourceTree = "<group>"; };
		AA3A9912289B3EC7007DB861 /* LimitExpirationAction.swift */ = {isa = PBXFileReference; lastKnownFileType = sourcecode.swift; path = LimitExpirationAction.swift; sourceTree = "<group>"; };
		AA3A9914289B5692007DB861 /* DateServices.swift */ = {isa = PBXFileReference; lastKnownFileType = sourcecode.swift; path = DateServices.swift; sourceTree = "<group>"; };
		AA3A9916289B5CC1007DB861 /* LimitSetterView.swift */ = {isa = PBXFileReference; lastKnownFileType = sourcecode.swift; path = LimitSetterView.swift; sourceTree = "<group>"; };
		AA43F0902782B22C00C9AE08 /* SettingsView.swift */ = {isa = PBXFileReference; lastKnownFileType = sourcecode.swift; path = SettingsView.swift; sourceTree = "<group>"; };
		AA4B9B3E28A0B00400A3494E /* PlayType.swift */ = {isa = PBXFileReference; lastKnownFileType = sourcecode.swift; path = PlayType.swift; sourceTree = "<group>"; };
		AA4B9B4028A0B04A00A3494E /* SongRowView.swift */ = {isa = PBXFileReference; fileEncoding = 4; lastKnownFileType = sourcecode.swift; path = SongRowView.swift; sourceTree = "<group>"; };
		AA4B9B4228A0B07500A3494E /* CloudKitSharingView.swift */ = {isa = PBXFileReference; fileEncoding = 4; lastKnownFileType = sourcecode.swift; path = CloudKitSharingView.swift; sourceTree = "<group>"; };
		AA5C4C362782A4DC00F34E2B /* PermissionsOKCard.swift */ = {isa = PBXFileReference; lastKnownFileType = sourcecode.swift; path = PermissionsOKCard.swift; sourceTree = "<group>"; };
		AA6CFC4E289AD70500E8C8E4 /* InitialsImageView.swift */ = {isa = PBXFileReference; lastKnownFileType = sourcecode.swift; path = InitialsImageView.swift; sourceTree = "<group>"; };
		AA70BA442797330B0033D376 /* SearchBar.swift */ = {isa = PBXFileReference; lastKnownFileType = sourcecode.swift; path = SearchBar.swift; sourceTree = "<group>"; };
		AA70E9A8289CDD3D0033C06D /* NotificationStatusCard.swift */ = {isa = PBXFileReference; lastKnownFileType = sourcecode.swift; path = NotificationStatusCard.swift; sourceTree = "<group>"; };
		AA70E9AA289CE1B10033C06D /* SendMailView.swift */ = {isa = PBXFileReference; lastKnownFileType = sourcecode.swift; path = SendMailView.swift; sourceTree = "<group>"; };
		AA85E2A027829ED9009F24ED /* Multiqueue.app */ = {isa = PBXFileReference; explicitFileType = wrapper.application; includeInIndex = 0; path = Multiqueue.app; sourceTree = BUILT_PRODUCTS_DIR; };
		AA85E2A327829ED9009F24ED /* MultiqueueApp.swift */ = {isa = PBXFileReference; lastKnownFileType = sourcecode.swift; path = MultiqueueApp.swift; sourceTree = "<group>"; };
		AA85E2A727829EDA009F24ED /* Assets.xcassets */ = {isa = PBXFileReference; lastKnownFileType = folder.assetcatalog; path = Assets.xcassets; sourceTree = "<group>"; };
		AA85E2AA27829EDA009F24ED /* Preview Assets.xcassets */ = {isa = PBXFileReference; lastKnownFileType = folder.assetcatalog; path = "Preview Assets.xcassets"; sourceTree = "<group>"; };
		AA85E2AC27829EDA009F24ED /* Persistence.swift */ = {isa = PBXFileReference; lastKnownFileType = sourcecode.swift; path = Persistence.swift; sourceTree = "<group>"; };
		AA85E2AF27829EDA009F24ED /* Multiqueue.xcdatamodel */ = {isa = PBXFileReference; lastKnownFileType = wrapper.xcdatamodel; path = Multiqueue.xcdatamodel; sourceTree = "<group>"; };
		AA85E2B527829EDA009F24ED /* MultiqueueTests.xctest */ = {isa = PBXFileReference; explicitFileType = wrapper.cfbundle; includeInIndex = 0; path = MultiqueueTests.xctest; sourceTree = BUILT_PRODUCTS_DIR; };
		AA85E2B927829EDA009F24ED /* MultiqueueTests.swift */ = {isa = PBXFileReference; lastKnownFileType = sourcecode.swift; path = MultiqueueTests.swift; sourceTree = "<group>"; };
		AA85E2BF27829EDA009F24ED /* MultiqueueUITests.xctest */ = {isa = PBXFileReference; explicitFileType = wrapper.cfbundle; includeInIndex = 0; path = MultiqueueUITests.xctest; sourceTree = BUILT_PRODUCTS_DIR; };
		AA85E2C327829EDA009F24ED /* MultiqueueUITests.swift */ = {isa = PBXFileReference; lastKnownFileType = sourcecode.swift; path = MultiqueueUITests.swift; sourceTree = "<group>"; };
		AA85E2C527829EDA009F24ED /* MultiqueueUITestsLaunchTests.swift */ = {isa = PBXFileReference; lastKnownFileType = sourcecode.swift; path = MultiqueueUITestsLaunchTests.swift; sourceTree = "<group>"; };
		AA85E2D227829F29009F24ED /* MainMenu.swift */ = {isa = PBXFileReference; lastKnownFileType = sourcecode.swift; path = MainMenu.swift; sourceTree = "<group>"; };
		AA85E2D527829F60009F24ED /* MainMenuNavigationButtons.swift */ = {isa = PBXFileReference; lastKnownFileType = sourcecode.swift; path = MainMenuNavigationButtons.swift; sourceTree = "<group>"; };
		AA85E2D827829FAD009F24ED /* NetworkPermissionsAlertCard.swift */ = {isa = PBXFileReference; lastKnownFileType = sourcecode.swift; path = NetworkPermissionsAlertCard.swift; sourceTree = "<group>"; };
		AA85E2DA27829FF3009F24ED /* RectangleWrapper.swift */ = {isa = PBXFileReference; lastKnownFileType = sourcecode.swift; path = RectangleWrapper.swift; sourceTree = "<group>"; };
		AA90A9EC2896FB2D0052E3DC /* CloudKitMusicAdder.swift */ = {isa = PBXFileReference; fileEncoding = 4; lastKnownFileType = sourcecode.swift; path = CloudKitMusicAdder.swift; sourceTree = "<group>"; };
		AA90A9EE2896FB2D0052E3DC /* CloudKitLibraryAdder.swift */ = {isa = PBXFileReference; fileEncoding = 4; lastKnownFileType = sourcecode.swift; path = CloudKitLibraryAdder.swift; sourceTree = "<group>"; };
		AA90A9EF2896FB2D0052E3DC /* CloudKitButtonSongRowView.swift */ = {isa = PBXFileReference; fileEncoding = 4; lastKnownFileType = sourcecode.swift; path = CloudKitButtonSongRowView.swift; sourceTree = "<group>"; };
		AA90A9F02896FB2D0052E3DC /* CloudKitLinkAdder.swift */ = {isa = PBXFileReference; fileEncoding = 4; lastKnownFileType = sourcecode.swift; path = CloudKitLinkAdder.swift; sourceTree = "<group>"; };
		AA90A9F12896FB2D0052E3DC /* CloudKitSearchAdder.swift */ = {isa = PBXFileReference; fileEncoding = 4; lastKnownFileType = sourcecode.swift; path = CloudKitSearchAdder.swift; sourceTree = "<group>"; };
		AA90A9F72896FD140052E3DC /* CloudKitServices.swift */ = {isa = PBXFileReference; lastKnownFileType = sourcecode.swift; path = CloudKitServices.swift; sourceTree = "<group>"; };
		AA90A9F9289712540052E3DC /* CloudKitDatabase.swift */ = {isa = PBXFileReference; lastKnownFileType = sourcecode.swift; path = CloudKitDatabase.swift; sourceTree = "<group>"; };
		AA90A9FB289722FE0052E3DC /* QueueSong.swift */ = {isa = PBXFileReference; lastKnownFileType = sourcecode.swift; path = QueueSong.swift; sourceTree = "<group>"; };
		AA90A9FD289766190052E3DC /* NotificationStatus.swift */ = {isa = PBXFileReference; lastKnownFileType = sourcecode.swift; path = NotificationStatus.swift; sourceTree = "<group>"; };
		AA91B8F3289CEB7200B8BE88 /* UserGuideView.swift */ = {isa = PBXFileReference; lastKnownFileType = sourcecode.swift; path = UserGuideView.swift; sourceTree = "<group>"; };
		AA9246202895D28B00E7FCB9 /* MusicServices.swift */ = {isa = PBXFileReference; lastKnownFileType = sourcecode.swift; path = MusicServices.swift; sourceTree = "<group>"; };
		AA9246222895D4E200E7FCB9 /* Room.swift */ = {isa = PBXFileReference; lastKnownFileType = sourcecode.swift; path = Room.swift; sourceTree = "<group>"; };
		AA9246242895D52C00E7FCB9 /* NowPlayingSong.swift */ = {isa = PBXFileReference; lastKnownFileType = sourcecode.swift; path = NowPlayingSong.swift; sourceTree = "<group>"; };
		AA96A5DA289440C50014E000 /* RoomEmojiPickerView.swift */ = {isa = PBXFileReference; lastKnownFileType = sourcecode.swift; path = RoomEmojiPickerView.swift; sourceTree = "<group>"; };
		AA96A5DC28944A0B0014E000 /* RoomOptionView.swift */ = {isa = PBXFileReference; lastKnownFileType = sourcecode.swift; path = RoomOptionView.swift; sourceTree = "<group>"; };
		AA96A5DE28944B5D0014E000 /* RoomDetails.swift */ = {isa = PBXFileReference; lastKnownFileType = sourcecode.swift; path = RoomDetails.swift; sourceTree = "<group>"; };
		AAA8DC1F27A5EFC100F22B59 /* README.md */ = {isa = PBXFileReference; lastKnownFileType = net.daringfireball.markdown; path = README.md; sourceTree = "<group>"; };
		AABB64F32895983700C7A31E /* OperationStatus.swift */ = {isa = PBXFileReference; lastKnownFileType = sourcecode.swift; path = OperationStatus.swift; sourceTree = "<group>"; };
		AAEB5323289A083C00020E13 /* NotificationServices.swift */ = {isa = PBXFileReference; lastKnownFileType = sourcecode.swift; path = NotificationServices.swift; sourceTree = "<group>"; };
		AAF236BD288E272800BF4E01 /* CloudKit.framework */ = {isa = PBXFileReference; lastKnownFileType = wrapper.framework; name = CloudKit.framework; path = System/Library/Frameworks/CloudKit.framework; sourceTree = SDKROOT; };
		AAF236BF288E2BDD00BF4E01 /* MyRoomsView.swift */ = {isa = PBXFileReference; lastKnownFileType = sourcecode.swift; path = MyRoomsView.swift; sourceTree = "<group>"; };
		AAF236C3288E378000BF4E01 /* CreateRoomView.swift */ = {isa = PBXFileReference; lastKnownFileType = sourcecode.swift; path = CreateRoomView.swift; sourceTree = "<group>"; };
		AAF236C5288E40BC00BF4E01 /* MyRoomsCard.swift */ = {isa = PBXFileReference; lastKnownFileType = sourcecode.swift; path = MyRoomsCard.swift; sourceTree = "<group>"; };
		AAF953AE2894673C00DBE562 /* RoomView.swift */ = {isa = PBXFileReference; lastKnownFileType = sourcecode.swift; path = RoomView.swift; sourceTree = "<group>"; };
		AAF953B228949A6E00DBE562 /* JoinRoomCard.swift */ = {isa = PBXFileReference; lastKnownFileType = sourcecode.swift; path = JoinRoomCard.swift; sourceTree = "<group>"; };
/* End PBXFileReference section */

/* Begin PBXFrameworksBuildPhase section */
		AA85E29D27829ED9009F24ED /* Frameworks */ = {
			isa = PBXFrameworksBuildPhase;
			buildActionMask = 2147483647;
			files = (
				AA268B0B27851F1F004699DF /* NetworkExtension.framework in Frameworks */,
				AAF236BE288E272800BF4E01 /* CloudKit.framework in Frameworks */,
			);
			runOnlyForDeploymentPostprocessing = 0;
		};
		AA85E2B227829EDA009F24ED /* Frameworks */ = {
			isa = PBXFrameworksBuildPhase;
			buildActionMask = 2147483647;
			files = (
			);
			runOnlyForDeploymentPostprocessing = 0;
		};
		AA85E2BC27829EDA009F24ED /* Frameworks */ = {
			isa = PBXFrameworksBuildPhase;
			buildActionMask = 2147483647;
			files = (
			);
			runOnlyForDeploymentPostprocessing = 0;
		};
/* End PBXFrameworksBuildPhase section */

/* Begin PBXGroup section */
		AA268B0927851F1F004699DF /* Frameworks */ = {
			isa = PBXGroup;
			children = (
				AAF236BD288E272800BF4E01 /* CloudKit.framework */,
				AA268B0A27851F1F004699DF /* NetworkExtension.framework */,
			);
			name = Frameworks;
			sourceTree = "<group>";
		};
		AA3551B7279B2D9C0022795A /* Warning & Alert Cards */ = {
			isa = PBXGroup;
			children = (
				AA85E2D827829FAD009F24ED /* NetworkPermissionsAlertCard.swift */,
				AA3551BC279B2EF30022795A /* AppleMusicPermissionsAlertCard.swift */,
				AA3551B5279B2C840022795A /* AppleMusicWarningCard.swift */,
			);
			path = "Warning & Alert Cards";
			sourceTree = "<group>";
		};
		AA3551BA279B2DC00022795A /* OK Cards */ = {
			isa = PBXGroup;
			children = (
				AA5C4C362782A4DC00F34E2B /* PermissionsOKCard.swift */,
				AA3551BE279B30420022795A /* AppleMusicOKCard.swift */,
			);
			path = "OK Cards";
			sourceTree = "<group>";
		};
		AA3551BB279B2DC90022795A /* Host & Join Cards */ = {
			isa = PBXGroup;
			children = (
				AAF236C5288E40BC00BF4E01 /* MyRoomsCard.swift */,
				AAF953B228949A6E00DBE562 /* JoinRoomCard.swift */,
			);
			path = "Host & Join Cards";
			sourceTree = "<group>";
		};
		AA4B9B3928A0AAA900A3494E /* UI Helpers */ = {
			isa = PBXGroup;
			children = (
				AA6CFC4E289AD70500E8C8E4 /* InitialsImageView.swift */,
				AA85E2DA27829FF3009F24ED /* RectangleWrapper.swift */,
				AA70BA442797330B0033D376 /* SearchBar.swift */,
				AA3551B3279B24D90022795A /* HeadingText.swift */,
			);
			path = "UI Helpers";
			sourceTree = "<group>";
		};
		AA4B9B3A28A0AAB500A3494E /* Data Helpers */ = {
			isa = PBXGroup;
			children = (
				AA3A9914289B5692007DB861 /* DateServices.swift */,
				AA9246202895D28B00E7FCB9 /* MusicServices.swift */,
				AA90A9F72896FD140052E3DC /* CloudKitServices.swift */,
				AAEB5323289A083C00020E13 /* NotificationServices.swift */,
			);
			path = "Data Helpers";
			sourceTree = "<group>";
		};
		AA4B9B3B28A0AAC800A3494E /* Enumerations */ = {
			isa = PBXGroup;
			children = (
				AA96A5DE28944B5D0014E000 /* RoomDetails.swift */,
				AA4B9B3E28A0B00400A3494E /* PlayType.swift */,
				AABB64F32895983700C7A31E /* OperationStatus.swift */,
				AA90A9FD289766190052E3DC /* NotificationStatus.swift */,
				AA3A9912289B3EC7007DB861 /* LimitExpirationAction.swift */,
				AA90A9F9289712540052E3DC /* CloudKitDatabase.swift */,
			);
			path = Enumerations;
			sourceTree = "<group>";
		};
		AA4B9B3C28A0ABD700A3494E /* Room Support Views */ = {
			isa = PBXGroup;
			children = (
				AA4B9B4228A0B07500A3494E /* CloudKitSharingView.swift */,
				AA4B9B4028A0B04A00A3494E /* SongRowView.swift */,
				AA90A9ED2896FB2D0052E3DC /* CloudKit Music Adder Support Views */,
				AA3A9910289B39E7007DB861 /* RoomInfoView.swift */,
				AA3A9916289B5CC1007DB861 /* LimitSetterView.swift */,
				AA90A9EC2896FB2D0052E3DC /* CloudKitMusicAdder.swift */,
			);
			path = "Room Support Views";
			sourceTree = "<group>";
		};
		AA4B9B3D28A0AC1200A3494E /* Create Room Views */ = {
			isa = PBXGroup;
			children = (
				AAF236C3288E378000BF4E01 /* CreateRoomView.swift */,
				AA96A5DA289440C50014E000 /* RoomEmojiPickerView.swift */,
			);
			path = "Create Room Views";
			sourceTree = "<group>";
		};
		AA58881B279BC80800D4E9BB /* Settings Support Views */ = {
			isa = PBXGroup;
			children = (
				AA70E9AA289CE1B10033C06D /* SendMailView.swift */,
				AA91B8F3289CEB7200B8BE88 /* UserGuideView.swift */,
			);
			path = "Settings Support Views";
			sourceTree = "<group>";
		};
		AA85E29727829ED9009F24ED = {
			isa = PBXGroup;
			children = (
				AAA8DC1F27A5EFC100F22B59 /* README.md */,
				AA85E2A227829ED9009F24ED /* Multiqueue */,
				AA85E2B827829EDA009F24ED /* MultiqueueTests */,
				AA85E2C227829EDA009F24ED /* MultiqueueUITests */,
				AA85E2A127829ED9009F24ED /* Products */,
				AA268B0927851F1F004699DF /* Frameworks */,
			);
			sourceTree = "<group>";
		};
		AA85E2A127829ED9009F24ED /* Products */ = {
			isa = PBXGroup;
			children = (
				AA85E2A027829ED9009F24ED /* Multiqueue.app */,
				AA85E2B527829EDA009F24ED /* MultiqueueTests.xctest */,
				AA85E2BF27829EDA009F24ED /* MultiqueueUITests.xctest */,
			);
			name = Products;
			sourceTree = "<group>";
		};
		AA85E2A227829ED9009F24ED /* Multiqueue */ = {
			isa = PBXGroup;
			children = (
				AA268B0827851F1F004699DF /* Multiqueue.entitlements */,
				AA268B042784DE56004699DF /* Info.plist */,
				AA85E2A327829ED9009F24ED /* MultiqueueApp.swift */,
				AA85E2D427829F4A009F24ED /* Views */,
				AA9D96EF278B8AF70009C044 /* Models */,
				AA85E2DC27829FFC009F24ED /* Helper Files */,
				AA85E2A727829EDA009F24ED /* Assets.xcassets */,
				AA85E2AC27829EDA009F24ED /* Persistence.swift */,
				AA85E2AE27829EDA009F24ED /* Multiqueue.xcdatamodeld */,
				AA85E2A927829EDA009F24ED /* Preview Content */,
			);
			path = Multiqueue;
			sourceTree = "<group>";
		};
		AA85E2A927829EDA009F24ED /* Preview Content */ = {
			isa = PBXGroup;
			children = (
				AA85E2AA27829EDA009F24ED /* Preview Assets.xcassets */,
			);
			path = "Preview Content";
			sourceTree = "<group>";
		};
		AA85E2B827829EDA009F24ED /* MultiqueueTests */ = {
			isa = PBXGroup;
			children = (
				AA85E2B927829EDA009F24ED /* MultiqueueTests.swift */,
			);
			path = MultiqueueTests;
			sourceTree = "<group>";
		};
		AA85E2C227829EDA009F24ED /* MultiqueueUITests */ = {
			isa = PBXGroup;
			children = (
				AA85E2C327829EDA009F24ED /* MultiqueueUITests.swift */,
				AA85E2C527829EDA009F24ED /* MultiqueueUITestsLaunchTests.swift */,
			);
			path = MultiqueueUITests;
			sourceTree = "<group>";
		};
		AA85E2D427829F4A009F24ED /* Views */ = {
			isa = PBXGroup;
			children = (
				AA85E2D227829F29009F24ED /* MainMenu.swift */,
				AA85E2D727829F6B009F24ED /* Main Menu Support Views */,
				AAF236BF288E2BDD00BF4E01 /* MyRoomsView.swift */,
				AA1D78292894C7D100F39AA6 /* JoinRoomView.swift */,
				AA96A5DC28944A0B0014E000 /* RoomOptionView.swift */,
				AA4B9B3D28A0AC1200A3494E /* Create Room Views */,
				AAF953AE2894673C00DBE562 /* RoomView.swift */,
				AA1D782D2894DC3700F39AA6 /* JoinedRoomView.swift */,
				AA4B9B3C28A0ABD700A3494E /* Room Support Views */,
				AA43F0902782B22C00C9AE08 /* SettingsView.swift */,
				AA58881B279BC80800D4E9BB /* Settings Support Views */,
			);
			path = Views;
			sourceTree = "<group>";
		};
		AA85E2D727829F6B009F24ED /* Main Menu Support Views */ = {
			isa = PBXGroup;
			children = (
				AA85E2D527829F60009F24ED /* MainMenuNavigationButtons.swift */,
				AA70E9A8289CDD3D0033C06D /* NotificationStatusCard.swift */,
				AA3551B7279B2D9C0022795A /* Warning & Alert Cards */,
				AA3551BA279B2DC00022795A /* OK Cards */,
				AA3551BB279B2DC90022795A /* Host & Join Cards */,
			);
			path = "Main Menu Support Views";
			sourceTree = "<group>";
		};
		AA85E2DC27829FFC009F24ED /* Helper Files */ = {
			isa = PBXGroup;
			children = (
				AA4B9B3928A0AAA900A3494E /* UI Helpers */,
				AA4B9B3A28A0AAB500A3494E /* Data Helpers */,
			);
			path = "Helper Files";
			sourceTree = "<group>";
		};
		AA90A9ED2896FB2D0052E3DC /* CloudKit Music Adder Support Views */ = {
			isa = PBXGroup;
			children = (
				AA90A9EE2896FB2D0052E3DC /* CloudKitLibraryAdder.swift */,
				AA90A9EF2896FB2D0052E3DC /* CloudKitButtonSongRowView.swift */,
				AA90A9F02896FB2D0052E3DC /* CloudKitLinkAdder.swift */,
				AA90A9F12896FB2D0052E3DC /* CloudKitSearchAdder.swift */,
			);
			path = "CloudKit Music Adder Support Views";
			sourceTree = "<group>";
		};
		AA9D96EF278B8AF70009C044 /* Models */ = {
			isa = PBXGroup;
			children = (
				AA4B9B3B28A0AAC800A3494E /* Enumerations */,
				AA9246242895D52C00E7FCB9 /* NowPlayingSong.swift */,
				AA90A9FB289722FE0052E3DC /* QueueSong.swift */,
				AA9246222895D4E200E7FCB9 /* Room.swift */,
			);
			path = Models;
			sourceTree = "<group>";
		};
/* End PBXGroup section */

/* Begin PBXNativeTarget section */
		AA85E29F27829ED9009F24ED /* Multiqueue */ = {
			isa = PBXNativeTarget;
			buildConfigurationList = AA85E2C927829EDA009F24ED /* Build configuration list for PBXNativeTarget "Multiqueue" */;
			buildPhases = (
				AA85E29C27829ED9009F24ED /* Sources */,
				AA85E29D27829ED9009F24ED /* Frameworks */,
				AA85E29E27829ED9009F24ED /* Resources */,
			);
			buildRules = (
			);
			dependencies = (
			);
			name = Multiqueue;
			productName = Multiqueue;
			productReference = AA85E2A027829ED9009F24ED /* Multiqueue.app */;
			productType = "com.apple.product-type.application";
		};
		AA85E2B427829EDA009F24ED /* MultiqueueTests */ = {
			isa = PBXNativeTarget;
			buildConfigurationList = AA85E2CC27829EDA009F24ED /* Build configuration list for PBXNativeTarget "MultiqueueTests" */;
			buildPhases = (
				AA85E2B127829EDA009F24ED /* Sources */,
				AA85E2B227829EDA009F24ED /* Frameworks */,
				AA85E2B327829EDA009F24ED /* Resources */,
			);
			buildRules = (
			);
			dependencies = (
				AA85E2B727829EDA009F24ED /* PBXTargetDependency */,
			);
			name = MultiqueueTests;
			productName = MultiqueueTests;
			productReference = AA85E2B527829EDA009F24ED /* MultiqueueTests.xctest */;
			productType = "com.apple.product-type.bundle.unit-test";
		};
		AA85E2BE27829EDA009F24ED /* MultiqueueUITests */ = {
			isa = PBXNativeTarget;
			buildConfigurationList = AA85E2CF27829EDA009F24ED /* Build configuration list for PBXNativeTarget "MultiqueueUITests" */;
			buildPhases = (
				AA85E2BB27829EDA009F24ED /* Sources */,
				AA85E2BC27829EDA009F24ED /* Frameworks */,
				AA85E2BD27829EDA009F24ED /* Resources */,
			);
			buildRules = (
			);
			dependencies = (
				AA85E2C127829EDA009F24ED /* PBXTargetDependency */,
			);
			name = MultiqueueUITests;
			productName = MultiqueueUITests;
			productReference = AA85E2BF27829EDA009F24ED /* MultiqueueUITests.xctest */;
			productType = "com.apple.product-type.bundle.ui-testing";
		};
/* End PBXNativeTarget section */

/* Begin PBXProject section */
		AA85E29827829ED9009F24ED /* Project object */ = {
			isa = PBXProject;
			attributes = {
				BuildIndependentTargetsInParallel = 1;
				LastSwiftUpdateCheck = 1320;
				LastUpgradeCheck = 1320;
				TargetAttributes = {
					AA85E29F27829ED9009F24ED = {
						CreatedOnToolsVersion = 13.2.1;
					};
					AA85E2B427829EDA009F24ED = {
						CreatedOnToolsVersion = 13.2.1;
						TestTargetID = AA85E29F27829ED9009F24ED;
					};
					AA85E2BE27829EDA009F24ED = {
						CreatedOnToolsVersion = 13.2.1;
						TestTargetID = AA85E29F27829ED9009F24ED;
					};
				};
			};
			buildConfigurationList = AA85E29B27829ED9009F24ED /* Build configuration list for PBXProject "Multiqueue" */;
			compatibilityVersion = "Xcode 13.0";
			developmentRegion = en;
			hasScannedForEncodings = 0;
			knownRegions = (
				en,
				Base,
			);
			mainGroup = AA85E29727829ED9009F24ED;
			productRefGroup = AA85E2A127829ED9009F24ED /* Products */;
			projectDirPath = "";
			projectRoot = "";
			targets = (
				AA85E29F27829ED9009F24ED /* Multiqueue */,
				AA85E2B427829EDA009F24ED /* MultiqueueTests */,
				AA85E2BE27829EDA009F24ED /* MultiqueueUITests */,
			);
		};
/* End PBXProject section */

/* Begin PBXResourcesBuildPhase section */
		AA85E29E27829ED9009F24ED /* Resources */ = {
			isa = PBXResourcesBuildPhase;
			buildActionMask = 2147483647;
			files = (
				AA85E2AB27829EDA009F24ED /* Preview Assets.xcassets in Resources */,
				AA85E2A827829EDA009F24ED /* Assets.xcassets in Resources */,
			);
			runOnlyForDeploymentPostprocessing = 0;
		};
		AA85E2B327829EDA009F24ED /* Resources */ = {
			isa = PBXResourcesBuildPhase;
			buildActionMask = 2147483647;
			files = (
			);
			runOnlyForDeploymentPostprocessing = 0;
		};
		AA85E2BD27829EDA009F24ED /* Resources */ = {
			isa = PBXResourcesBuildPhase;
			buildActionMask = 2147483647;
			files = (
			);
			runOnlyForDeploymentPostprocessing = 0;
		};
/* End PBXResourcesBuildPhase section */

/* Begin PBXSourcesBuildPhase section */
		AA85E29C27829ED9009F24ED /* Sources */ = {
			isa = PBXSourcesBuildPhase;
			buildActionMask = 2147483647;
			files = (
				AA90A9FE289766190052E3DC /* NotificationStatus.swift in Sources */,
				AA1D782E2894DC3700F39AA6 /* JoinedRoomView.swift in Sources */,
				AA4B9B4328A0B07500A3494E /* CloudKitSharingView.swift in Sources */,
				AA90A9F42896FB2D0052E3DC /* CloudKitButtonSongRowView.swift in Sources */,
				AA9246232895D4E200E7FCB9 /* Room.swift in Sources */,
				AA85E2B027829EDA009F24ED /* Multiqueue.xcdatamodeld in Sources */,
				AAF953B328949A6E00DBE562 /* JoinRoomCard.swift in Sources */,
				AA4B9B4128A0B04A00A3494E /* SongRowView.swift in Sources */,
				AA85E2AD27829EDA009F24ED /* Persistence.swift in Sources */,
				AA6CFC4F289AD70500E8C8E4 /* InitialsImageView.swift in Sources */,
				AA4B9B3F28A0B00400A3494E /* PlayType.swift in Sources */,
				AA90A9F52896FB2D0052E3DC /* CloudKitLinkAdder.swift in Sources */,
				AAF953AF2894673C00DBE562 /* RoomView.swift in Sources */,
				AAF236C0288E2BDD00BF4E01 /* MyRoomsView.swift in Sources */,
				AA70E9AB289CE1B10033C06D /* SendMailView.swift in Sources */,
				AA90A9FA289712540052E3DC /* CloudKitDatabase.swift in Sources */,
				AA5C4C372782A4DC00F34E2B /* PermissionsOKCard.swift in Sources */,
				AA96A5DD28944A0B0014E000 /* RoomOptionView.swift in Sources */,
				AA90A9F82896FD140052E3DC /* CloudKitServices.swift in Sources */,
				AABB64F42895983700C7A31E /* OperationStatus.swift in Sources */,
				AA3551B4279B24D90022795A /* HeadingText.swift in Sources */,
				AA9246212895D28B00E7FCB9 /* MusicServices.swift in Sources */,
				AA85E2A427829ED9009F24ED /* MultiqueueApp.swift in Sources */,
				AA85E2DB27829FF3009F24ED /* RectangleWrapper.swift in Sources */,
				AA90A9F22896FB2D0052E3DC /* CloudKitMusicAdder.swift in Sources */,
				AA96A5DB289440C50014E000 /* RoomEmojiPickerView.swift in Sources */,
				AA90A9F32896FB2D0052E3DC /* CloudKitLibraryAdder.swift in Sources */,
				AA3A9911289B39E7007DB861 /* RoomInfoView.swift in Sources */,
				AA85E2D327829F29009F24ED /* MainMenu.swift in Sources */,
				AA90A9F62896FB2D0052E3DC /* CloudKitSearchAdder.swift in Sources */,
				AA70BA452797330B0033D376 /* SearchBar.swift in Sources */,
				AA70E9A9289CDD3D0033C06D /* NotificationStatusCard.swift in Sources */,
				AAF236C6288E40BC00BF4E01 /* MyRoomsCard.swift in Sources */,
				AA3551BD279B2EF30022795A /* AppleMusicPermissionsAlertCard.swift in Sources */,
				AA91B8F4289CEB7200B8BE88 /* UserGuideView.swift in Sources */,
				AA3A9917289B5CC1007DB861 /* LimitSetterView.swift in Sources */,
				AA3A9913289B3EC7007DB861 /* LimitExpirationAction.swift in Sources */,
				AA3551BF279B30420022795A /* AppleMusicOKCard.swift in Sources */,
				AA9246252895D52C00E7FCB9 /* NowPlayingSong.swift in Sources */,
				AA1D782A2894C7D100F39AA6 /* JoinRoomView.swift in Sources */,
				AA90A9FC289722FE0052E3DC /* QueueSong.swift in Sources */,
				AA3A9915289B5692007DB861 /* DateServices.swift in Sources */,
				AAEB5324289A083C00020E13 /* NotificationServices.swift in Sources */,
				AAF236C4288E378000BF4E01 /* CreateRoomView.swift in Sources */,
				AA85E2D627829F60009F24ED /* MainMenuNavigationButtons.swift in Sources */,
				AA85E2D927829FAD009F24ED /* NetworkPermissionsAlertCard.swift in Sources */,
				AA3551B6279B2C840022795A /* AppleMusicWarningCard.swift in Sources */,
				AA43F0912782B22C00C9AE08 /* SettingsView.swift in Sources */,
				AA96A5DF28944B5D0014E000 /* RoomDetails.swift in Sources */,
			);
			runOnlyForDeploymentPostprocessing = 0;
		};
		AA85E2B127829EDA009F24ED /* Sources */ = {
			isa = PBXSourcesBuildPhase;
			buildActionMask = 2147483647;
			files = (
				AA85E2BA27829EDA009F24ED /* MultiqueueTests.swift in Sources */,
			);
			runOnlyForDeploymentPostprocessing = 0;
		};
		AA85E2BB27829EDA009F24ED /* Sources */ = {
			isa = PBXSourcesBuildPhase;
			buildActionMask = 2147483647;
			files = (
				AA85E2C427829EDA009F24ED /* MultiqueueUITests.swift in Sources */,
				AA85E2C627829EDA009F24ED /* MultiqueueUITestsLaunchTests.swift in Sources */,
			);
			runOnlyForDeploymentPostprocessing = 0;
		};
/* End PBXSourcesBuildPhase section */

/* Begin PBXTargetDependency section */
		AA85E2B727829EDA009F24ED /* PBXTargetDependency */ = {
			isa = PBXTargetDependency;
			target = AA85E29F27829ED9009F24ED /* Multiqueue */;
			targetProxy = AA85E2B627829EDA009F24ED /* PBXContainerItemProxy */;
		};
		AA85E2C127829EDA009F24ED /* PBXTargetDependency */ = {
			isa = PBXTargetDependency;
			target = AA85E29F27829ED9009F24ED /* Multiqueue */;
			targetProxy = AA85E2C027829EDA009F24ED /* PBXContainerItemProxy */;
		};
/* End PBXTargetDependency section */

/* Begin XCBuildConfiguration section */
		AA85E2C727829EDA009F24ED /* Debug */ = {
			isa = XCBuildConfiguration;
			buildSettings = {
				ALWAYS_SEARCH_USER_PATHS = NO;
				CLANG_ANALYZER_NONNULL = YES;
				CLANG_ANALYZER_NUMBER_OBJECT_CONVERSION = YES_AGGRESSIVE;
				CLANG_CXX_LANGUAGE_STANDARD = "gnu++17";
				CLANG_CXX_LIBRARY = "libc++";
				CLANG_ENABLE_MODULES = YES;
				CLANG_ENABLE_OBJC_ARC = YES;
				CLANG_ENABLE_OBJC_WEAK = YES;
				CLANG_WARN_BLOCK_CAPTURE_AUTORELEASING = YES;
				CLANG_WARN_BOOL_CONVERSION = YES;
				CLANG_WARN_COMMA = YES;
				CLANG_WARN_CONSTANT_CONVERSION = YES;
				CLANG_WARN_DEPRECATED_OBJC_IMPLEMENTATIONS = YES;
				CLANG_WARN_DIRECT_OBJC_ISA_USAGE = YES_ERROR;
				CLANG_WARN_DOCUMENTATION_COMMENTS = YES;
				CLANG_WARN_EMPTY_BODY = YES;
				CLANG_WARN_ENUM_CONVERSION = YES;
				CLANG_WARN_INFINITE_RECURSION = YES;
				CLANG_WARN_INT_CONVERSION = YES;
				CLANG_WARN_NON_LITERAL_NULL_CONVERSION = YES;
				CLANG_WARN_OBJC_IMPLICIT_RETAIN_SELF = YES;
				CLANG_WARN_OBJC_LITERAL_CONVERSION = YES;
				CLANG_WARN_OBJC_ROOT_CLASS = YES_ERROR;
				CLANG_WARN_QUOTED_INCLUDE_IN_FRAMEWORK_HEADER = YES;
				CLANG_WARN_RANGE_LOOP_ANALYSIS = YES;
				CLANG_WARN_STRICT_PROTOTYPES = YES;
				CLANG_WARN_SUSPICIOUS_MOVE = YES;
				CLANG_WARN_UNGUARDED_AVAILABILITY = YES_AGGRESSIVE;
				CLANG_WARN_UNREACHABLE_CODE = YES;
				CLANG_WARN__DUPLICATE_METHOD_MATCH = YES;
				COPY_PHASE_STRIP = NO;
				DEBUG_INFORMATION_FORMAT = dwarf;
				ENABLE_STRICT_OBJC_MSGSEND = YES;
				ENABLE_TESTABILITY = YES;
				GCC_C_LANGUAGE_STANDARD = gnu11;
				GCC_DYNAMIC_NO_PIC = NO;
				GCC_NO_COMMON_BLOCKS = YES;
				GCC_OPTIMIZATION_LEVEL = 0;
				GCC_PREPROCESSOR_DEFINITIONS = (
					"DEBUG=1",
					"$(inherited)",
				);
				GCC_WARN_64_TO_32_BIT_CONVERSION = YES;
				GCC_WARN_ABOUT_RETURN_TYPE = YES_ERROR;
				GCC_WARN_UNDECLARED_SELECTOR = YES;
				GCC_WARN_UNINITIALIZED_AUTOS = YES_AGGRESSIVE;
				GCC_WARN_UNUSED_FUNCTION = YES;
				GCC_WARN_UNUSED_VARIABLE = YES;
				IPHONEOS_DEPLOYMENT_TARGET = 15.0;
				MTL_ENABLE_DEBUG_INFO = INCLUDE_SOURCE;
				MTL_FAST_MATH = YES;
				ONLY_ACTIVE_ARCH = YES;
				SDKROOT = iphoneos;
				SWIFT_ACTIVE_COMPILATION_CONDITIONS = DEBUG;
				SWIFT_OPTIMIZATION_LEVEL = "-Onone";
			};
			name = Debug;
		};
		AA85E2C827829EDA009F24ED /* Release */ = {
			isa = XCBuildConfiguration;
			buildSettings = {
				ALWAYS_SEARCH_USER_PATHS = NO;
				CLANG_ANALYZER_NONNULL = YES;
				CLANG_ANALYZER_NUMBER_OBJECT_CONVERSION = YES_AGGRESSIVE;
				CLANG_CXX_LANGUAGE_STANDARD = "gnu++17";
				CLANG_CXX_LIBRARY = "libc++";
				CLANG_ENABLE_MODULES = YES;
				CLANG_ENABLE_OBJC_ARC = YES;
				CLANG_ENABLE_OBJC_WEAK = YES;
				CLANG_WARN_BLOCK_CAPTURE_AUTORELEASING = YES;
				CLANG_WARN_BOOL_CONVERSION = YES;
				CLANG_WARN_COMMA = YES;
				CLANG_WARN_CONSTANT_CONVERSION = YES;
				CLANG_WARN_DEPRECATED_OBJC_IMPLEMENTATIONS = YES;
				CLANG_WARN_DIRECT_OBJC_ISA_USAGE = YES_ERROR;
				CLANG_WARN_DOCUMENTATION_COMMENTS = YES;
				CLANG_WARN_EMPTY_BODY = YES;
				CLANG_WARN_ENUM_CONVERSION = YES;
				CLANG_WARN_INFINITE_RECURSION = YES;
				CLANG_WARN_INT_CONVERSION = YES;
				CLANG_WARN_NON_LITERAL_NULL_CONVERSION = YES;
				CLANG_WARN_OBJC_IMPLICIT_RETAIN_SELF = YES;
				CLANG_WARN_OBJC_LITERAL_CONVERSION = YES;
				CLANG_WARN_OBJC_ROOT_CLASS = YES_ERROR;
				CLANG_WARN_QUOTED_INCLUDE_IN_FRAMEWORK_HEADER = YES;
				CLANG_WARN_RANGE_LOOP_ANALYSIS = YES;
				CLANG_WARN_STRICT_PROTOTYPES = YES;
				CLANG_WARN_SUSPICIOUS_MOVE = YES;
				CLANG_WARN_UNGUARDED_AVAILABILITY = YES_AGGRESSIVE;
				CLANG_WARN_UNREACHABLE_CODE = YES;
				CLANG_WARN__DUPLICATE_METHOD_MATCH = YES;
				COPY_PHASE_STRIP = NO;
				DEBUG_INFORMATION_FORMAT = "dwarf-with-dsym";
				ENABLE_NS_ASSERTIONS = NO;
				ENABLE_STRICT_OBJC_MSGSEND = YES;
				GCC_C_LANGUAGE_STANDARD = gnu11;
				GCC_NO_COMMON_BLOCKS = YES;
				GCC_WARN_64_TO_32_BIT_CONVERSION = YES;
				GCC_WARN_ABOUT_RETURN_TYPE = YES_ERROR;
				GCC_WARN_UNDECLARED_SELECTOR = YES;
				GCC_WARN_UNINITIALIZED_AUTOS = YES_AGGRESSIVE;
				GCC_WARN_UNUSED_FUNCTION = YES;
				GCC_WARN_UNUSED_VARIABLE = YES;
				IPHONEOS_DEPLOYMENT_TARGET = 15.0;
				MTL_ENABLE_DEBUG_INFO = NO;
				MTL_FAST_MATH = YES;
				SDKROOT = iphoneos;
				SWIFT_COMPILATION_MODE = wholemodule;
				SWIFT_OPTIMIZATION_LEVEL = "-O";
				VALIDATE_PRODUCT = YES;
			};
			name = Release;
		};
		AA85E2CA27829EDA009F24ED /* Debug */ = {
			isa = XCBuildConfiguration;
			buildSettings = {
				ASSETCATALOG_COMPILER_APPICON_NAME = AppIcon;
				ASSETCATALOG_COMPILER_GLOBAL_ACCENT_COLOR_NAME = AccentColor;
				CODE_SIGN_ENTITLEMENTS = Multiqueue/Multiqueue.entitlements;
				CODE_SIGN_STYLE = Automatic;
				CURRENT_PROJECT_VERSION = 9;
				DEVELOPMENT_ASSET_PATHS = "\"Multiqueue/Preview Content\"";
				DEVELOPMENT_TEAM = GUDZ7ALN9J;
				ENABLE_PREVIEWS = YES;
				GENERATE_INFOPLIST_FILE = YES;
				INFOPLIST_FILE = Multiqueue/Info.plist;
				INFOPLIST_KEY_CFBundleDisplayName = Multiqueue;
				INFOPLIST_KEY_LSApplicationCategoryType = "";
				INFOPLIST_KEY_NSAppleMusicUsageDescription = "Multiqueue uses your music data to manage your queue and to look up songs from connected devices.";
				INFOPLIST_KEY_NSLocalNetworkUsageDescription = "Multiqueue uses the local network to connect to nearby devices and to transmit Apple Music songs.";
				INFOPLIST_KEY_UIApplicationSceneManifest_Generation = YES;
				INFOPLIST_KEY_UIApplicationSupportsIndirectInputEvents = YES;
				INFOPLIST_KEY_UILaunchScreen_Generation = YES;
				INFOPLIST_KEY_UISupportedInterfaceOrientations = UIInterfaceOrientationPortrait;
				INFOPLIST_KEY_UISupportedInterfaceOrientations_iPad = "UIInterfaceOrientationPortrait UIInterfaceOrientationPortraitUpsideDown UIInterfaceOrientationLandscapeLeft UIInterfaceOrientationLandscapeRight";
				INFOPLIST_KEY_UISupportedInterfaceOrientations_iPhone = "UIInterfaceOrientationPortrait UIInterfaceOrientationLandscapeLeft UIInterfaceOrientationLandscapeRight";
				IPHONEOS_DEPLOYMENT_TARGET = 15.0;
				LD_RUNPATH_SEARCH_PATHS = (
					"$(inherited)",
					"@executable_path/Frameworks",
				);
				MARKETING_VERSION = 1.0;
				PRODUCT_BUNDLE_IDENTIFIER = Ethan.PartyQueue;
				PRODUCT_NAME = "$(TARGET_NAME)";
				SUPPORTS_MACCATALYST = NO;
				SUPPORTS_MAC_DESIGNED_FOR_IPHONE_IPAD = NO;
				SWIFT_EMIT_LOC_STRINGS = YES;
				SWIFT_VERSION = 5.0;
				TARGETED_DEVICE_FAMILY = "1,2";
			};
			name = Debug;
		};
		AA85E2CB27829EDA009F24ED /* Release */ = {
			isa = XCBuildConfiguration;
			buildSettings = {
				ASSETCATALOG_COMPILER_APPICON_NAME = AppIcon;
				ASSETCATALOG_COMPILER_GLOBAL_ACCENT_COLOR_NAME = AccentColor;
				CODE_SIGN_ENTITLEMENTS = Multiqueue/Multiqueue.entitlements;
				CODE_SIGN_STYLE = Automatic;
				CURRENT_PROJECT_VERSION = 9;
				DEVELOPMENT_ASSET_PATHS = "\"Multiqueue/Preview Content\"";
				DEVELOPMENT_TEAM = GUDZ7ALN9J;
				ENABLE_PREVIEWS = YES;
				GENERATE_INFOPLIST_FILE = YES;
				INFOPLIST_FILE = Multiqueue/Info.plist;
				INFOPLIST_KEY_CFBundleDisplayName = Multiqueue;
				INFOPLIST_KEY_LSApplicationCategoryType = "";
				INFOPLIST_KEY_NSAppleMusicUsageDescription = "Multiqueue uses your music data to manage your queue and to look up songs from connected devices.";
				INFOPLIST_KEY_NSLocalNetworkUsageDescription = "Multiqueue uses the local network to connect to nearby devices and to transmit Apple Music songs.";
				INFOPLIST_KEY_UIApplicationSceneManifest_Generation = YES;
				INFOPLIST_KEY_UIApplicationSupportsIndirectInputEvents = YES;
				INFOPLIST_KEY_UILaunchScreen_Generation = YES;
				INFOPLIST_KEY_UISupportedInterfaceOrientations = UIInterfaceOrientationPortrait;
				INFOPLIST_KEY_UISupportedInterfaceOrientations_iPad = "UIInterfaceOrientationPortrait UIInterfaceOrientationPortraitUpsideDown UIInterfaceOrientationLandscapeLeft UIInterfaceOrientationLandscapeRight";
				INFOPLIST_KEY_UISupportedInterfaceOrientations_iPhone = "UIInterfaceOrientationPortrait UIInterfaceOrientationLandscapeLeft UIInterfaceOrientationLandscapeRight";
				IPHONEOS_DEPLOYMENT_TARGET = 15.0;
				LD_RUNPATH_SEARCH_PATHS = (
					"$(inherited)",
					"@executable_path/Frameworks",
				);
				MARKETING_VERSION = 1.0;
				PRODUCT_BUNDLE_IDENTIFIER = Ethan.PartyQueue;
				PRODUCT_NAME = "$(TARGET_NAME)";
				SUPPORTS_MACCATALYST = NO;
				SUPPORTS_MAC_DESIGNED_FOR_IPHONE_IPAD = NO;
				SWIFT_EMIT_LOC_STRINGS = YES;
				SWIFT_VERSION = 5.0;
				TARGETED_DEVICE_FAMILY = "1,2";
			};
			name = Release;
		};
		AA85E2CD27829EDA009F24ED /* Debug */ = {
			isa = XCBuildConfiguration;
			buildSettings = {
				ALWAYS_EMBED_SWIFT_STANDARD_LIBRARIES = YES;
				BUNDLE_LOADER = "$(TEST_HOST)";
				CODE_SIGN_STYLE = Automatic;
				CURRENT_PROJECT_VERSION = 1;
				DEVELOPMENT_TEAM = GUDZ7ALN9J;
				GENERATE_INFOPLIST_FILE = YES;
				IPHONEOS_DEPLOYMENT_TARGET = 15.2;
				MARKETING_VERSION = 1.0;
				PRODUCT_BUNDLE_IDENTIFIER = Ethan.MultiqueueTests;
				PRODUCT_NAME = "$(TARGET_NAME)";
				SWIFT_EMIT_LOC_STRINGS = NO;
				SWIFT_VERSION = 5.0;
				TARGETED_DEVICE_FAMILY = "1,2";
				TEST_HOST = "$(BUILT_PRODUCTS_DIR)/Multiqueue.app/Multiqueue";
			};
			name = Debug;
		};
		AA85E2CE27829EDA009F24ED /* Release */ = {
			isa = XCBuildConfiguration;
			buildSettings = {
				ALWAYS_EMBED_SWIFT_STANDARD_LIBRARIES = YES;
				BUNDLE_LOADER = "$(TEST_HOST)";
				CODE_SIGN_STYLE = Automatic;
				CURRENT_PROJECT_VERSION = 1;
				DEVELOPMENT_TEAM = GUDZ7ALN9J;
				GENERATE_INFOPLIST_FILE = YES;
				IPHONEOS_DEPLOYMENT_TARGET = 15.2;
				MARKETING_VERSION = 1.0;
				PRODUCT_BUNDLE_IDENTIFIER = Ethan.MultiqueueTests;
				PRODUCT_NAME = "$(TARGET_NAME)";
				SWIFT_EMIT_LOC_STRINGS = NO;
				SWIFT_VERSION = 5.0;
				TARGETED_DEVICE_FAMILY = "1,2";
				TEST_HOST = "$(BUILT_PRODUCTS_DIR)/Multiqueue.app/Multiqueue";
			};
			name = Release;
		};
		AA85E2D027829EDA009F24ED /* Debug */ = {
			isa = XCBuildConfiguration;
			buildSettings = {
				ALWAYS_EMBED_SWIFT_STANDARD_LIBRARIES = YES;
				CODE_SIGN_STYLE = Automatic;
				CURRENT_PROJECT_VERSION = 1;
				DEVELOPMENT_TEAM = GUDZ7ALN9J;
				GENERATE_INFOPLIST_FILE = YES;
				MARKETING_VERSION = 1.0;
				PRODUCT_BUNDLE_IDENTIFIER = Ethan.MultiqueueUITests;
				PRODUCT_NAME = "$(TARGET_NAME)";
				SWIFT_EMIT_LOC_STRINGS = NO;
				SWIFT_VERSION = 5.0;
				TARGETED_DEVICE_FAMILY = "1,2";
				TEST_TARGET_NAME = Multiqueue;
			};
			name = Debug;
		};
		AA85E2D127829EDA009F24ED /* Release */ = {
			isa = XCBuildConfiguration;
			buildSettings = {
				ALWAYS_EMBED_SWIFT_STANDARD_LIBRARIES = YES;
				CODE_SIGN_STYLE = Automatic;
				CURRENT_PROJECT_VERSION = 1;
				DEVELOPMENT_TEAM = GUDZ7ALN9J;
				GENERATE_INFOPLIST_FILE = YES;
				MARKETING_VERSION = 1.0;
				PRODUCT_BUNDLE_IDENTIFIER = Ethan.MultiqueueUITests;
				PRODUCT_NAME = "$(TARGET_NAME)";
				SWIFT_EMIT_LOC_STRINGS = NO;
				SWIFT_VERSION = 5.0;
				TARGETED_DEVICE_FAMILY = "1,2";
				TEST_TARGET_NAME = Multiqueue;
			};
			name = Release;
		};
/* End XCBuildConfiguration section */

/* Begin XCConfigurationList section */
		AA85E29B27829ED9009F24ED /* Build configuration list for PBXProject "Multiqueue" */ = {
			isa = XCConfigurationList;
			buildConfigurations = (
				AA85E2C727829EDA009F24ED /* Debug */,
				AA85E2C827829EDA009F24ED /* Release */,
			);
			defaultConfigurationIsVisible = 0;
			defaultConfigurationName = Release;
		};
		AA85E2C927829EDA009F24ED /* Build configuration list for PBXNativeTarget "Multiqueue" */ = {
			isa = XCConfigurationList;
			buildConfigurations = (
				AA85E2CA27829EDA009F24ED /* Debug */,
				AA85E2CB27829EDA009F24ED /* Release */,
			);
			defaultConfigurationIsVisible = 0;
			defaultConfigurationName = Release;
		};
		AA85E2CC27829EDA009F24ED /* Build configuration list for PBXNativeTarget "MultiqueueTests" */ = {
			isa = XCConfigurationList;
			buildConfigurations = (
				AA85E2CD27829EDA009F24ED /* Debug */,
				AA85E2CE27829EDA009F24ED /* Release */,
			);
			defaultConfigurationIsVisible = 0;
			defaultConfigurationName = Release;
		};
		AA85E2CF27829EDA009F24ED /* Build configuration list for PBXNativeTarget "MultiqueueUITests" */ = {
			isa = XCConfigurationList;
			buildConfigurations = (
				AA85E2D027829EDA009F24ED /* Debug */,
				AA85E2D127829EDA009F24ED /* Release */,
			);
			defaultConfigurationIsVisible = 0;
			defaultConfigurationName = Release;
		};
/* End XCConfigurationList section */

/* Begin XCVersionGroup section */
		AA85E2AE27829EDA009F24ED /* Multiqueue.xcdatamodeld */ = {
			isa = XCVersionGroup;
			children = (
				AA85E2AF27829EDA009F24ED /* Multiqueue.xcdatamodel */,
			);
			currentVersion = AA85E2AF27829EDA009F24ED /* Multiqueue.xcdatamodel */;
			path = Multiqueue.xcdatamodeld;
			sourceTree = "<group>";
			versionGroupType = wrapper.xcdatamodel;
		};
/* End XCVersionGroup section */
	};
	rootObject = AA85E29827829ED9009F24ED /* Project object */;
}
